// !$*UTF8*$!
{
	archiveVersion = 1;
	classes = {
	};
	objectVersion = 50;
	objects = {

/* Begin PBXBuildFile section */
		3DD300EB23356A93006F8E3B /* AppDelegate.swift in Sources */ = {isa = PBXBuildFile; fileRef = 3DD300EA23356A93006F8E3B /* AppDelegate.swift */; };
		3DD300ED23356A93006F8E3B /* ViewController.swift in Sources */ = {isa = PBXBuildFile; fileRef = 3DD300EC23356A93006F8E3B /* ViewController.swift */; };
		3DD300F023356A93006F8E3B /* Main.storyboard in Resources */ = {isa = PBXBuildFile; fileRef = 3DD300EE23356A93006F8E3B /* Main.storyboard */; };
		3DD300F223356A95006F8E3B /* Assets.xcassets in Resources */ = {isa = PBXBuildFile; fileRef = 3DD300F123356A95006F8E3B /* Assets.xcassets */; };
		3DD300F523356A95006F8E3B /* LaunchScreen.storyboard in Resources */ = {isa = PBXBuildFile; fileRef = 3DD300F323356A95006F8E3B /* LaunchScreen.storyboard */; };
		3DD3010023356A95006F8E3B /* iOSFlotillaTests.swift in Sources */ = {isa = PBXBuildFile; fileRef = 3DD300FF23356A95006F8E3B /* iOSFlotillaTests.swift */; };
		3DD3010B23356A95006F8E3B /* iOSFlotillaUITests.swift in Sources */ = {isa = PBXBuildFile; fileRef = 3DD3010A23356A95006F8E3B /* iOSFlotillaUITests.swift */; };
		3DD3011E23356BBA006F8E3B /* Vehiculo.swift in Sources */ = {isa = PBXBuildFile; fileRef = 3DD3011D23356BBA006F8E3B /* Vehiculo.swift */; };
		3DD3012023356BCE006F8E3B /* celdaFlotillaController.swift in Sources */ = {isa = PBXBuildFile; fileRef = 3DD3011F23356BCE006F8E3B /* celdaFlotillaController.swift */; };
/* End PBXBuildFile section */

/* Begin PBXContainerItemProxy section */
		3DD300FC23356A95006F8E3B /* PBXContainerItemProxy */ = {
			isa = PBXContainerItemProxy;
			containerPortal = 3DD300DF23356A93006F8E3B /* Project object */;
			proxyType = 1;
			remoteGlobalIDString = 3DD300E623356A93006F8E3B;
			remoteInfo = iOSFlotilla;
		};
		3DD3010723356A95006F8E3B /* PBXContainerItemProxy */ = {
			isa = PBXContainerItemProxy;
			containerPortal = 3DD300DF23356A93006F8E3B /* Project object */;
			proxyType = 1;
			remoteGlobalIDString = 3DD300E623356A93006F8E3B;
			remoteInfo = iOSFlotilla;
		};
/* End PBXContainerItemProxy section */

/* Begin PBXFileReference section */
		3DD300E723356A93006F8E3B /* iOSFlotilla.app */ = {isa = PBXFileReference; explicitFileType = wrapper.application; includeInIndex = 0; path = iOSFlotilla.app; sourceTree = BUILT_PRODUCTS_DIR; };
		3DD300EA23356A93006F8E3B /* AppDelegate.swift */ = {isa = PBXFileReference; lastKnownFileType = sourcecode.swift; path = AppDelegate.swift; sourceTree = "<group>"; };
		3DD300EC23356A93006F8E3B /* ViewController.swift */ = {isa = PBXFileReference; lastKnownFileType = sourcecode.swift; path = ViewController.swift; sourceTree = "<group>"; };
		3DD300EF23356A93006F8E3B /* Base */ = {isa = PBXFileReference; lastKnownFileType = file.storyboard; name = Base; path = Base.lproj/Main.storyboard; sourceTree = "<group>"; };
		3DD300F123356A95006F8E3B /* Assets.xcassets */ = {isa = PBXFileReference; lastKnownFileType = folder.assetcatalog; path = Assets.xcassets; sourceTree = "<group>"; };
		3DD300F423356A95006F8E3B /* Base */ = {isa = PBXFileReference; lastKnownFileType = file.storyboard; name = Base; path = Base.lproj/LaunchScreen.storyboard; sourceTree = "<group>"; };
		3DD300F623356A95006F8E3B /* Info.plist */ = {isa = PBXFileReference; lastKnownFileType = text.plist.xml; path = Info.plist; sourceTree = "<group>"; };
		3DD300FB23356A95006F8E3B /* iOSFlotillaTests.xctest */ = {isa = PBXFileReference; explicitFileType = wrapper.cfbundle; includeInIndex = 0; path = iOSFlotillaTests.xctest; sourceTree = BUILT_PRODUCTS_DIR; };
		3DD300FF23356A95006F8E3B /* iOSFlotillaTests.swift */ = {isa = PBXFileReference; lastKnownFileType = sourcecode.swift; path = iOSFlotillaTests.swift; sourceTree = "<group>"; };
		3DD3010123356A95006F8E3B /* Info.plist */ = {isa = PBXFileReference; lastKnownFileType = text.plist.xml; path = Info.plist; sourceTree = "<group>"; };
		3DD3010623356A95006F8E3B /* iOSFlotillaUITests.xctest */ = {isa = PBXFileReference; explicitFileType = wrapper.cfbundle; includeInIndex = 0; path = iOSFlotillaUITests.xctest; sourceTree = BUILT_PRODUCTS_DIR; };
		3DD3010A23356A95006F8E3B /* iOSFlotillaUITests.swift */ = {isa = PBXFileReference; lastKnownFileType = sourcecode.swift; path = iOSFlotillaUITests.swift; sourceTree = "<group>"; };
		3DD3010C23356A95006F8E3B /* Info.plist */ = {isa = PBXFileReference; lastKnownFileType = text.plist.xml; path = Info.plist; sourceTree = "<group>"; };
		3DD3011D23356BBA006F8E3B /* Vehiculo.swift */ = {isa = PBXFileReference; lastKnownFileType = sourcecode.swift; path = Vehiculo.swift; sourceTree = "<group>"; };
		3DD3011F23356BCE006F8E3B /* celdaFlotillaController.swift */ = {isa = PBXFileReference; lastKnownFileType = sourcecode.swift; path = celdaFlotillaController.swift; sourceTree = "<group>"; };
/* End PBXFileReference section */

/* Begin PBXFrameworksBuildPhase section */
		3DD300E423356A93006F8E3B /* Frameworks */ = {
			isa = PBXFrameworksBuildPhase;
			buildActionMask = 2147483647;
			files = (
			);
			runOnlyForDeploymentPostprocessing = 0;
		};
		3DD300F823356A95006F8E3B /* Frameworks */ = {
			isa = PBXFrameworksBuildPhase;
			buildActionMask = 2147483647;
			files = (
			);
			runOnlyForDeploymentPostprocessing = 0;
		};
		3DD3010323356A95006F8E3B /* Frameworks */ = {
			isa = PBXFrameworksBuildPhase;
			buildActionMask = 2147483647;
			files = (
			);
			runOnlyForDeploymentPostprocessing = 0;
		};
/* End PBXFrameworksBuildPhase section */

/* Begin PBXGroup section */
		3DD300DE23356A93006F8E3B = {
			isa = PBXGroup;
			children = (
				3DD300E923356A93006F8E3B /* iOSFlotilla */,
				3DD300FE23356A95006F8E3B /* iOSFlotillaTests */,
				3DD3010923356A95006F8E3B /* iOSFlotillaUITests */,
				3DD300E823356A93006F8E3B /* Products */,
			);
			sourceTree = "<group>";
		};
		3DD300E823356A93006F8E3B /* Products */ = {
			isa = PBXGroup;
			children = (
				3DD300E723356A93006F8E3B /* iOSFlotilla.app */,
				3DD300FB23356A95006F8E3B /* iOSFlotillaTests.xctest */,
				3DD3010623356A95006F8E3B /* iOSFlotillaUITests.xctest */,
			);
			name = Products;
			sourceTree = "<group>";
		};
		3DD300E923356A93006F8E3B /* iOSFlotilla */ = {
			isa = PBXGroup;
			children = (
				3DD3011B23356B21006F8E3B /* App */,
				3DD3011A23356ABD006F8E3B /* View Controllers */,
				3DD3011923356AB4006F8E3B /* Resources */,
				3DD3011823356AA7006F8E3B /* Storyboards */,
				3DD3011C23356B37006F8E3B /* Models */,
			);
			path = iOSFlotilla;
			sourceTree = "<group>";
		};
		3DD300FE23356A95006F8E3B /* iOSFlotillaTests */ = {
			isa = PBXGroup;
			children = (
				3DD300FF23356A95006F8E3B /* iOSFlotillaTests.swift */,
				3DD3010123356A95006F8E3B /* Info.plist */,
			);
			path = iOSFlotillaTests;
			sourceTree = "<group>";
		};
		3DD3010923356A95006F8E3B /* iOSFlotillaUITests */ = {
			isa = PBXGroup;
			children = (
				3DD3010A23356A95006F8E3B /* iOSFlotillaUITests.swift */,
				3DD3010C23356A95006F8E3B /* Info.plist */,
			);
			path = iOSFlotillaUITests;
			sourceTree = "<group>";
		};
		3DD3011823356AA7006F8E3B /* Storyboards */ = {
			isa = PBXGroup;
			children = (
				3DD300EE23356A93006F8E3B /* Main.storyboard */,
				3DD300F323356A95006F8E3B /* LaunchScreen.storyboard */,
			);
			name = Storyboards;
			sourceTree = "<group>";
		};
		3DD3011923356AB4006F8E3B /* Resources */ = {
			isa = PBXGroup;
			children = (
				3DD300F123356A95006F8E3B /* Assets.xcassets */,
			);
			name = Resources;
			sourceTree = "<group>";
		};
		3DD3011A23356ABD006F8E3B /* View Controllers */ = {
			isa = PBXGroup;
			children = (
				3DD300EC23356A93006F8E3B /* ViewController.swift */,
				3DD3011F23356BCE006F8E3B /* celdaFlotillaController.swift */,
			);
			name = "View Controllers";
			sourceTree = "<group>";
		};
		3DD3011B23356B21006F8E3B /* App */ = {
			isa = PBXGroup;
			children = (
				3DD300EA23356A93006F8E3B /* AppDelegate.swift */,
				3DD300F623356A95006F8E3B /* Info.plist */,
			);
			name = App;
			sourceTree = "<group>";
		};
		3DD3011C23356B37006F8E3B /* Models */ = {
			isa = PBXGroup;
			children = (
				3DD3011D23356BBA006F8E3B /* Vehiculo.swift */,
			);
			name = Models;
			sourceTree = "<group>";
		};
/* End PBXGroup section */

/* Begin PBXNativeTarget section */
		3DD300E623356A93006F8E3B /* iOSFlotilla */ = {
			isa = PBXNativeTarget;
			buildConfigurationList = 3DD3010F23356A95006F8E3B /* Build configuration list for PBXNativeTarget "iOSFlotilla" */;
			buildPhases = (
				3DD300E323356A93006F8E3B /* Sources */,
				3DD300E423356A93006F8E3B /* Frameworks */,
				3DD300E523356A93006F8E3B /* Resources */,
			);
			buildRules = (
			);
			dependencies = (
			);
			name = iOSFlotilla;
			productName = iOSFlotilla;
			productReference = 3DD300E723356A93006F8E3B /* iOSFlotilla.app */;
			productType = "com.apple.product-type.application";
		};
		3DD300FA23356A95006F8E3B /* iOSFlotillaTests */ = {
			isa = PBXNativeTarget;
			buildConfigurationList = 3DD3011223356A95006F8E3B /* Build configuration list for PBXNativeTarget "iOSFlotillaTests" */;
			buildPhases = (
				3DD300F723356A95006F8E3B /* Sources */,
				3DD300F823356A95006F8E3B /* Frameworks */,
				3DD300F923356A95006F8E3B /* Resources */,
			);
			buildRules = (
			);
			dependencies = (
				3DD300FD23356A95006F8E3B /* PBXTargetDependency */,
			);
			name = iOSFlotillaTests;
			productName = iOSFlotillaTests;
			productReference = 3DD300FB23356A95006F8E3B /* iOSFlotillaTests.xctest */;
			productType = "com.apple.product-type.bundle.unit-test";
		};
		3DD3010523356A95006F8E3B /* iOSFlotillaUITests */ = {
			isa = PBXNativeTarget;
			buildConfigurationList = 3DD3011523356A95006F8E3B /* Build configuration list for PBXNativeTarget "iOSFlotillaUITests" */;
			buildPhases = (
				3DD3010223356A95006F8E3B /* Sources */,
				3DD3010323356A95006F8E3B /* Frameworks */,
				3DD3010423356A95006F8E3B /* Resources */,
			);
			buildRules = (
			);
			dependencies = (
				3DD3010823356A95006F8E3B /* PBXTargetDependency */,
			);
			name = iOSFlotillaUITests;
			productName = iOSFlotillaUITests;
			productReference = 3DD3010623356A95006F8E3B /* iOSFlotillaUITests.xctest */;
			productType = "com.apple.product-type.bundle.ui-testing";
		};
/* End PBXNativeTarget section */

/* Begin PBXProject section */
		3DD300DF23356A93006F8E3B /* Project object */ = {
			isa = PBXProject;
			attributes = {
				LastSwiftUpdateCheck = 1030;
				LastUpgradeCheck = 1030;
				ORGANIZATIONNAME = Alumno;
				TargetAttributes = {
					3DD300E623356A93006F8E3B = {
						CreatedOnToolsVersion = 10.3;
					};
					3DD300FA23356A95006F8E3B = {
						CreatedOnToolsVersion = 10.3;
						TestTargetID = 3DD300E623356A93006F8E3B;
					};
					3DD3010523356A95006F8E3B = {
						CreatedOnToolsVersion = 10.3;
						TestTargetID = 3DD300E623356A93006F8E3B;
					};
				};
			};
			buildConfigurationList = 3DD300E223356A93006F8E3B /* Build configuration list for PBXProject "iOSFlotilla" */;
			compatibilityVersion = "Xcode 9.3";
			developmentRegion = en;
			hasScannedForEncodings = 0;
			knownRegions = (
				en,
				Base,
			);
			mainGroup = 3DD300DE23356A93006F8E3B;
			productRefGroup = 3DD300E823356A93006F8E3B /* Products */;
			projectDirPath = "";
			projectRoot = "";
			targets = (
				3DD300E623356A93006F8E3B /* iOSFlotilla */,
				3DD300FA23356A95006F8E3B /* iOSFlotillaTests */,
				3DD3010523356A95006F8E3B /* iOSFlotillaUITests */,
			);
		};
/* End PBXProject section */

/* Begin PBXResourcesBuildPhase section */
		3DD300E523356A93006F8E3B /* Resources */ = {
			isa = PBXResourcesBuildPhase;
			buildActionMask = 2147483647;
			files = (
				3DD300F523356A95006F8E3B /* LaunchScreen.storyboard in Resources */,
				3DD300F223356A95006F8E3B /* Assets.xcassets in Resources */,
				3DD300F023356A93006F8E3B /* Main.storyboard in Resources */,
			);
			runOnlyForDeploymentPostprocessing = 0;
		};
		3DD300F923356A95006F8E3B /* Resources */ = {
			isa = PBXResourcesBuildPhase;
			buildActionMask = 2147483647;
			files = (
			);
			runOnlyForDeploymentPostprocessing = 0;
		};
		3DD3010423356A95006F8E3B /* Resources */ = {
			isa = PBXResourcesBuildPhase;
			buildActionMask = 2147483647;
			files = (
			);
			runOnlyForDeploymentPostprocessing = 0;
		};
/* End PBXResourcesBuildPhase section */

/* Begin PBXSourcesBuildPhase section */
		3DD300E323356A93006F8E3B /* Sources */ = {
			isa = PBXSourcesBuildPhase;
			buildActionMask = 2147483647;
			files = (
				3DD3012023356BCE006F8E3B /* celdaFlotillaController.swift in Sources */,
				3DD300ED23356A93006F8E3B /* ViewController.swift in Sources */,
				3DD300EB23356A93006F8E3B /* AppDelegate.swift in Sources */,
				3DD3011E23356BBA006F8E3B /* Vehiculo.swift in Sources */,
			);
			runOnlyForDeploymentPostprocessing = 0;
		};
		3DD300F723356A95006F8E3B /* Sources */ = {
			isa = PBXSourcesBuildPhase;
			buildActionMask = 2147483647;
			files = (
				3DD3010023356A95006F8E3B /* iOSFlotillaTests.swift in Sources */,
			);
			runOnlyForDeploymentPostprocessing = 0;
		};
		3DD3010223356A95006F8E3B /* Sources */ = {
			isa = PBXSourcesBuildPhase;
			buildActionMask = 2147483647;
			files = (
				3DD3010B23356A95006F8E3B /* iOSFlotillaUITests.swift in Sources */,
			);
			runOnlyForDeploymentPostprocessing = 0;
		};
/* End PBXSourcesBuildPhase section */

/* Begin PBXTargetDependency section */
		3DD300FD23356A95006F8E3B /* PBXTargetDependency */ = {
			isa = PBXTargetDependency;
			target = 3DD300E623356A93006F8E3B /* iOSFlotilla */;
			targetProxy = 3DD300FC23356A95006F8E3B /* PBXContainerItemProxy */;
		};
		3DD3010823356A95006F8E3B /* PBXTargetDependency */ = {
			isa = PBXTargetDependency;
			target = 3DD300E623356A93006F8E3B /* iOSFlotilla */;
			targetProxy = 3DD3010723356A95006F8E3B /* PBXContainerItemProxy */;
		};
/* End PBXTargetDependency section */

/* Begin PBXVariantGroup section */
		3DD300EE23356A93006F8E3B /* Main.storyboard */ = {
			isa = PBXVariantGroup;
			children = (
				3DD300EF23356A93006F8E3B /* Base */,
			);
			name = Main.storyboard;
			sourceTree = "<group>";
		};
		3DD300F323356A95006F8E3B /* LaunchScreen.storyboard */ = {
			isa = PBXVariantGroup;
			children = (
				3DD300F423356A95006F8E3B /* Base */,
			);
			name = LaunchScreen.storyboard;
			sourceTree = "<group>";
		};
/* End PBXVariantGroup section */

/* Begin XCBuildConfiguration section */
		3DD3010D23356A95006F8E3B /* Debug */ = {
			isa = XCBuildConfiguration;
			buildSettings = {
				ALWAYS_SEARCH_USER_PATHS = NO;
				CLANG_ANALYZER_NONNULL = YES;
				CLANG_ANALYZER_NUMBER_OBJECT_CONVERSION = YES_AGGRESSIVE;
				CLANG_CXX_LANGUAGE_STANDARD = "gnu++14";
				CLANG_CXX_LIBRARY = "libc++";
				CLANG_ENABLE_MODULES = YES;
				CLANG_ENABLE_OBJC_ARC = YES;
				CLANG_ENABLE_OBJC_WEAK = YES;
				CLANG_WARN_BLOCK_CAPTURE_AUTORELEASING = YES;
				CLANG_WARN_BOOL_CONVERSION = YES;
				CLANG_WARN_COMMA = YES;
				CLANG_WARN_CONSTANT_CONVERSION = YES;
				CLANG_WARN_DEPRECATED_OBJC_IMPLEMENTATIONS = YES;
				CLANG_WARN_DIRECT_OBJC_ISA_USAGE = YES_ERROR;
				CLANG_WARN_DOCUMENTATION_COMMENTS = YES;
				CLANG_WARN_EMPTY_BODY = YES;
				CLANG_WARN_ENUM_CONVERSION = YES;
				CLANG_WARN_INFINITE_RECURSION = YES;
				CLANG_WARN_INT_CONVERSION = YES;
				CLANG_WARN_NON_LITERAL_NULL_CONVERSION = YES;
				CLANG_WARN_OBJC_IMPLICIT_RETAIN_SELF = YES;
				CLANG_WARN_OBJC_LITERAL_CONVERSION = YES;
				CLANG_WARN_OBJC_ROOT_CLASS = YES_ERROR;
				CLANG_WARN_RANGE_LOOP_ANALYSIS = YES;
				CLANG_WARN_STRICT_PROTOTYPES = YES;
				CLANG_WARN_SUSPICIOUS_MOVE = YES;
				CLANG_WARN_UNGUARDED_AVAILABILITY = YES_AGGRESSIVE;
				CLANG_WARN_UNREACHABLE_CODE = YES;
				CLANG_WARN__DUPLICATE_METHOD_MATCH = YES;
				CODE_SIGN_IDENTITY = "iPhone Developer";
				COPY_PHASE_STRIP = NO;
				DEBUG_INFORMATION_FORMAT = dwarf;
				ENABLE_STRICT_OBJC_MSGSEND = YES;
				ENABLE_TESTABILITY = YES;
				GCC_C_LANGUAGE_STANDARD = gnu11;
				GCC_DYNAMIC_NO_PIC = NO;
				GCC_NO_COMMON_BLOCKS = YES;
				GCC_OPTIMIZATION_LEVEL = 0;
				GCC_PREPROCESSOR_DEFINITIONS = (
					"DEBUG=1",
					"$(inherited)",
				);
				GCC_WARN_64_TO_32_BIT_CONVERSION = YES;
				GCC_WARN_ABOUT_RETURN_TYPE = YES_ERROR;
				GCC_WARN_UNDECLARED_SELECTOR = YES;
				GCC_WARN_UNINITIALIZED_AUTOS = YES_AGGRESSIVE;
				GCC_WARN_UNUSED_FUNCTION = YES;
				GCC_WARN_UNUSED_VARIABLE = YES;
				IPHONEOS_DEPLOYMENT_TARGET = 12.4;
				MTL_ENABLE_DEBUG_INFO = INCLUDE_SOURCE;
				MTL_FAST_MATH = YES;
				ONLY_ACTIVE_ARCH = YES;
				SDKROOT = iphoneos;
				SWIFT_ACTIVE_COMPILATION_CONDITIONS = DEBUG;
				SWIFT_OPTIMIZATION_LEVEL = "-Onone";
			};
			name = Debug;
		};
		3DD3010E23356A95006F8E3B /* Release */ = {
			isa = XCBuildConfiguration;
			buildSettings = {
				ALWAYS_SEARCH_USER_PATHS = NO;
				CLANG_ANALYZER_NONNULL = YES;
				CLANG_ANALYZER_NUMBER_OBJECT_CONVERSION = YES_AGGRESSIVE;
				CLANG_CXX_LANGUAGE_STANDARD = "gnu++14";
				CLANG_CXX_LIBRARY = "libc++";
				CLANG_ENABLE_MODULES = YES;
				CLANG_ENABLE_OBJC_ARC = YES;
				CLANG_ENABLE_OBJC_WEAK = YES;
				CLANG_WARN_BLOCK_CAPTURE_AUTORELEASING = YES;
				CLANG_WARN_BOOL_CONVERSION = YES;
				CLANG_WARN_COMMA = YES;
				CLANG_WARN_CONSTANT_CONVERSION = YES;
				CLANG_WARN_DEPRECATED_OBJC_IMPLEMENTATIONS = YES;
				CLANG_WARN_DIRECT_OBJC_ISA_USAGE = YES_ERROR;
				CLANG_WARN_DOCUMENTATION_COMMENTS = YES;
				CLANG_WARN_EMPTY_BODY = YES;
				CLANG_WARN_ENUM_CONVERSION = YES;
				CLANG_WARN_INFINITE_RECURSION = YES;
				CLANG_WARN_INT_CONVERSION = YES;
				CLANG_WARN_NON_LITERAL_NULL_CONVERSION = YES;
				CLANG_WARN_OBJC_IMPLICIT_RETAIN_SELF = YES;
				CLANG_WARN_OBJC_LITERAL_CONVERSION = YES;
				CLANG_WARN_OBJC_ROOT_CLASS = YES_ERROR;
				CLANG_WARN_RANGE_LOOP_ANALYSIS = YES;
				CLANG_WARN_STRICT_PROTOTYPES = YES;
				CLANG_WARN_SUSPICIOUS_MOVE = YES;
				CLANG_WARN_UNGUARDED_AVAILABILITY = YES_AGGRESSIVE;
				CLANG_WARN_UNREACHABLE_CODE = YES;
				CLANG_WARN__DUPLICATE_METHOD_MATCH = YES;
				CODE_SIGN_IDENTITY = "iPhone Developer";
				COPY_PHASE_STRIP = NO;
				DEBUG_INFORMATION_FORMAT = "dwarf-with-dsym";
				ENABLE_NS_ASSERTIONS = NO;
				ENABLE_STRICT_OBJC_MSGSEND = YES;
				GCC_C_LANGUAGE_STANDARD = gnu11;
				GCC_NO_COMMON_BLOCKS = YES;
				GCC_WARN_64_TO_32_BIT_CONVERSION = YES;
				GCC_WARN_ABOUT_RETURN_TYPE = YES_ERROR;
				GCC_WARN_UNDECLARED_SELECTOR = YES;
				GCC_WARN_UNINITIALIZED_AUTOS = YES_AGGRESSIVE;
				GCC_WARN_UNUSED_FUNCTION = YES;
				GCC_WARN_UNUSED_VARIABLE = YES;
				IPHONEOS_DEPLOYMENT_TARGET = 12.4;
				MTL_ENABLE_DEBUG_INFO = NO;
				MTL_FAST_MATH = YES;
				SDKROOT = iphoneos;
				SWIFT_COMPILATION_MODE = wholemodule;
				SWIFT_OPTIMIZATION_LEVEL = "-O";
				VALIDATE_PRODUCT = YES;
			};
			name = Release;
		};
		3DD3011023356A95006F8E3B /* Debug */ = {
			isa = XCBuildConfiguration;
			buildSettings = {
				ASSETCATALOG_COMPILER_APPICON_NAME = AppIcon;
				CODE_SIGN_STYLE = Automatic;
				INFOPLIST_FILE = iOSFlotilla/Info.plist;
				LD_RUNPATH_SEARCH_PATHS = (
					"$(inherited)",
					"@executable_path/Frameworks",
				);
				PRODUCT_BUNDLE_IDENTIFIER = ulsa.edu.iOSFlotilla;
				PRODUCT_NAME = "$(TARGET_NAME)";
				SWIFT_VERSION = 5.0;
				TARGETED_DEVICE_FAMILY = "1,2";
			};
			name = Debug;
		};
		3DD3011123356A95006F8E3B /* Release */ = {
			isa = XCBuildConfiguration;
			buildSettings = {
				ASSETCATALOG_COMPILER_APPICON_NAME = AppIcon;
				CODE_SIGN_STYLE = Automatic;
				INFOPLIST_FILE = iOSFlotilla/Info.plist;
				LD_RUNPATH_SEARCH_PATHS = (
					"$(inherited)",
					"@executable_path/Frameworks",
				);
				PRODUCT_BUNDLE_IDENTIFIER = ulsa.edu.iOSFlotilla;
				PRODUCT_NAME = "$(TARGET_NAME)";
				SWIFT_VERSION = 5.0;
				TARGETED_DEVICE_FAMILY = "1,2";
			};
			name = Release;
		};
		3DD3011323356A95006F8E3B /* Debug */ = {
			isa = XCBuildConfiguration;
			buildSettings = {
				ALWAYS_EMBED_SWIFT_STANDARD_LIBRARIES = YES;
				BUNDLE_LOADER = "$(TEST_HOST)";
				CODE_SIGN_STYLE = Automatic;
				INFOPLIST_FILE = iOSFlotillaTests/Info.plist;
				LD_RUNPATH_SEARCH_PATHS = (
					"$(inherited)",
					"@executable_path/Frameworks",
					"@loader_path/Frameworks",
				);
				PRODUCT_BUNDLE_IDENTIFIER = ulsa.edu.iOSFlotillaTests;
				PRODUCT_NAME = "$(TARGET_NAME)";
				SWIFT_VERSION = 5.0;
				TARGETED_DEVICE_FAMILY = "1,2";
				TEST_HOST = "$(BUILT_PRODUCTS_DIR)/iOSFlotilla.app/iOSFlotilla";
			};
			name = Debug;
		};
		3DD3011423356A95006F8E3B /* Release */ = {
			isa = XCBuildConfiguration;
			buildSettings = {
				ALWAYS_EMBED_SWIFT_STANDARD_LIBRARIES = YES;
				BUNDLE_LOADER = "$(TEST_HOST)";
				CODE_SIGN_STYLE = Automatic;
				INFOPLIST_FILE = iOSFlotillaTests/Info.plist;
				LD_RUNPATH_SEARCH_PATHS = (
					"$(inherited)",
					"@executable_path/Frameworks",
					"@loader_path/Frameworks",
				);
				PRODUCT_BUNDLE_IDENTIFIER = ulsa.edu.iOSFlotillaTests;
				PRODUCT_NAME = "$(TARGET_NAME)";
				SWIFT_VERSION = 5.0;
				TARGETED_DEVICE_FAMILY = "1,2";
				TEST_HOST = "$(BUILT_PRODUCTS_DIR)/iOSFlotilla.app/iOSFlotilla";
			};
			name = Release;
		};
		3DD3011623356A95006F8E3B /* Debug */ = {
			isa = XCBuildConfiguration;
			buildSettings = {
				ALWAYS_EMBED_SWIFT_STANDARD_LIBRARIES = YES;
				CODE_SIGN_STYLE = Automatic;
				INFOPLIST_FILE = iOSFlotillaUITests/Info.plist;
				LD_RUNPATH_SEARCH_PATHS = (
					"$(inherited)",
					"@executable_path/Frameworks",
					"@loader_path/Frameworks",
				);
				PRODUCT_BUNDLE_IDENTIFIER = ulsa.edu.iOSFlotillaUITests;
				PRODUCT_NAME = "$(TARGET_NAME)";
				SWIFT_VERSION = 5.0;
				TARGETED_DEVICE_FAMILY = "1,2";
				TEST_TARGET_NAME = iOSFlotilla;
			};
			name = Debug;
		};
		3DD3011723356A95006F8E3B /* Release */ = {
			isa = XCBuildConfiguration;
			buildSettings = {
				ALWAYS_EMBED_SWIFT_STANDARD_LIBRARIES = YES;
				CODE_SIGN_STYLE = Automatic;
				INFOPLIST_FILE = iOSFlotillaUITests/Info.plist;
				LD_RUNPATH_SEARCH_PATHS = (
					"$(inherited)",
					"@executable_path/Frameworks",
					"@loader_path/Frameworks",
				);
				PRODUCT_BUNDLE_IDENTIFIER = ulsa.edu.iOSFlotillaUITests;
				PRODUCT_NAME = "$(TARGET_NAME)";
				SWIFT_VERSION = 5.0;
				TARGETED_DEVICE_FAMILY = "1,2";
				TEST_TARGET_NAME = iOSFlotilla;
			};
			name = Release;
		};
/* End XCBuildConfiguration section */

/* Begin XCConfigurationList section */
		3DD300E223356A93006F8E3B /* Build configuration list for PBXProject "iOSFlotilla" */ = {
			isa = XCConfigurationList;
			buildConfigurations = (
				3DD3010D23356A95006F8E3B /* Debug */,
				3DD3010E23356A95006F8E3B /* Release */,
			);
			defaultConfigurationIsVisible = 0;
			defaultConfigurationName = Release;
		};
		3DD3010F23356A95006F8E3B /* Build configuration list for PBXNativeTarget "iOSFlotilla" */ = {
			isa = XCConfigurationList;
			buildConfigurations = (
				3DD3011023356A95006F8E3B /* Debug */,
				3DD3011123356A95006F8E3B /* Release */,
			);
			defaultConfigurationIsVisible = 0;
			defaultConfigurationName = Release;
		};
		3DD3011223356A95006F8E3B /* Build configuration list for PBXNativeTarget "iOSFlotillaTests" */ = {
			isa = XCConfigurationList;
			buildConfigurations = (
				3DD3011323356A95006F8E3B /* Debug */,
				3DD3011423356A95006F8E3B /* Release */,
			);
			defaultConfigurationIsVisible = 0;
			defaultConfigurationName = Release;
		};
		3DD3011523356A95006F8E3B /* Build configuration list for PBXNativeTarget "iOSFlotillaUITests" */ = {
			isa = XCConfigurationList;
			buildConfigurations = (
				3DD3011623356A95006F8E3B /* Debug */,
				3DD3011723356A95006F8E3B /* Release */,
			);
			defaultConfigurationIsVisible = 0;
			defaultConfigurationName = Release;
		};
/* End XCConfigurationList section */
	};
	rootObject = 3DD300DF23356A93006F8E3B /* Project object */;
}
